
Microsoft Visual Studio Solution File, Format Version 12.00
# Visual Studio Version 17
VisualStudioVersion = 17.2.32505.173
MinimumVisualStudioVersion = 10.0.40219.1
Project("{9A19103F-16F7-4668-BE54-9A1E7A4F7556}") = "SpaceTravel.Logic", "SpaceTravel.Logic\SpaceTravel.Logic.csproj", "{0859495D-AD05-4292-AABD-EC4D0F0CE238}"
EndProject
Project("{9A19103F-16F7-4668-BE54-9A1E7A4F7556}") = "SpaceTravel.WPF", "SpaceTravel.WPF\SpaceTravel.WPF.csproj", "{B3CC7F85-FAA1-49FF-B8AC-B2E6F0285706}"
EndProject
Global
	GlobalSection(SolutionConfigurationPlatforms) = preSolution
		Debug|Any CPU = Debug|Any CPU
		Release|Any CPU = Release|Any CPU
	EndGlobalSection
	GlobalSection(ProjectConfigurationPlatforms) = postSolution
		{0859495D-AD05-4292-AABD-EC4D0F0CE238}.Debug|Any CPU.ActiveCfg = Debug|Any CPU
		{0859495D-AD05-4292-AABD-EC4D0F0CE238}.Debug|Any CPU.Build.0 = Debug|Any CPU
		{0859495D-AD05-4292-AABD-EC4D0F0CE238}.Release|Any CPU.ActiveCfg = Release|Any CPU
		{0859495D-AD05-4292-AABD-EC4D0F0CE238}.Release|Any CPU.Build.0 = Release|Any CPU
		{B3CC7F85-FAA1-49FF-B8AC-B2E6F0285706}.Debug|Any CPU.ActiveCfg = Debug|Any CPU
		{B3CC7F85-FAA1-49FF-B8AC-B2E6F0285706}.Debug|Any CPU.Build.0 = Debug|Any CPU
		{B3CC7F85-FAA1-49FF-B8AC-B2E6F0285706}.Release|Any CPU.ActiveCfg = Release|Any CPU
		{B3CC7F85-FAA1-49FF-B8AC-B2E6F0285706}.Release|Any CPU.Build.0 = Release|Any CPU
	EndGlobalSection
	GlobalSection(SolutionProperties) = preSolution
		HideSolutionNode = FALSE
	EndGlobalSection
	GlobalSection(ExtensibilityGlobals) = postSolution
		SolutionGuid = {85A62411-95BD-4C16-9EC0-B7D57287EE12}
	EndGlobalSection
EndGlobal
